
Microsoft Visual Studio Solution File, Format Version 12.00
# Visual Studio Version 16
VisualStudioVersion = 16.0.28803.452
MinimumVisualStudioVersion = 10.0.40219.1
Project("{FAE04EC0-301F-11D3-BF4B-00C04F79EFBC}") = "App01ConsultaCEP.UWP", "App01ConsultaCEP\App01ConsultaCEP.UWP\App01ConsultaCEP.UWP.csproj", "{DFB35FB1-5DFD-49B9-86D6-F67951294388}"
EndProject
Project("{FAE04EC0-301F-11D3-BF4B-00C04F79EFBC}") = "App01ConsultaCEP.Android", "App01ConsultaCEP\App01ConsultaCEP.Android\App01ConsultaCEP.Android.csproj", "{EFD49114-557A-4FEB-A0BD-084AF59F5F61}"
EndProject
Project("{FAE04EC0-301F-11D3-BF4B-00C04F79EFBC}") = "App01ConsultaCEP.iOS", "App01ConsultaCEP\App01ConsultaCEP.iOS\App01ConsultaCEP.iOS.csproj", "{DD5F2164-4B9E-4AEB-BE22-5337AE4053BB}"
EndProject
Project("{FAE04EC0-301F-11D3-BF4B-00C04F79EFBC}") = "App01ConsultaCEP", "App01ConsultaCEP\App01ConsultaCEP\App01ConsultaCEP.csproj", "{20463C28-9082-48B0-BC3C-33BFEA8A11A6}"
EndProject
Global
	GlobalSection(SolutionConfigurationPlatforms) = preSolution
		Debug|Any CPU = Debug|Any CPU
		Debug|ARM = Debug|ARM
		Debug|iPhone = Debug|iPhone
		Debug|iPhoneSimulator = Debug|iPhoneSimulator
		Debug|x64 = Debug|x64
		Debug|x86 = Debug|x86
		Release|Any CPU = Release|Any CPU
		Release|ARM = Release|ARM
		Release|iPhone = Release|iPhone
		Release|iPhoneSimulator = Release|iPhoneSimulator
		Release|x64 = Release|x64
		Release|x86 = Release|x86
	EndGlobalSection
	GlobalSection(ProjectConfigurationPlatforms) = postSolution
		{DFB35FB1-5DFD-49B9-86D6-F67951294388}.Debug|Any CPU.ActiveCfg = Debug|x86
		{DFB35FB1-5DFD-49B9-86D6-F67951294388}.Debug|Any CPU.Build.0 = Debug|x86
		{DFB35FB1-5DFD-49B9-86D6-F67951294388}.Debug|Any CPU.Deploy.0 = Debug|x86
		{DFB35FB1-5DFD-49B9-86D6-F67951294388}.Debug|ARM.ActiveCfg = Debug|ARM
		{DFB35FB1-5DFD-49B9-86D6-F67951294388}.Debug|ARM.Build.0 = Debug|ARM
		{DFB35FB1-5DFD-49B9-86D6-F67951294388}.Debug|ARM.Deploy.0 = Debug|ARM
		{DFB35FB1-5DFD-49B9-86D6-F67951294388}.Debug|iPhone.ActiveCfg = Debug|x86
		{DFB35FB1-5DFD-49B9-86D6-F67951294388}.Debug|iPhone.Build.0 = Debug|x86
		{DFB35FB1-5DFD-49B9-86D6-F67951294388}.Debug|iPhone.Deploy.0 = Debug|x86
		{DFB35FB1-5DFD-49B9-86D6-F67951294388}.Debug|iPhoneSimulator.ActiveCfg = Debug|x86
		{DFB35FB1-5DFD-49B9-86D6-F67951294388}.Debug|iPhoneSimulator.Build.0 = Debug|x86
		{DFB35FB1-5DFD-49B9-86D6-F67951294388}.Debug|iPhoneSimulator.Deploy.0 = Debug|x86
		{DFB35FB1-5DFD-49B9-86D6-F67951294388}.Debug|x64.ActiveCfg = Debug|x64
		{DFB35FB1-5DFD-49B9-86D6-F67951294388}.Debug|x64.Build.0 = Debug|x64
		{DFB35FB1-5DFD-49B9-86D6-F67951294388}.Debug|x64.Deploy.0 = Debug|x64
		{DFB35FB1-5DFD-49B9-86D6-F67951294388}.Debug|x86.ActiveCfg = Debug|x86
		{DFB35FB1-5DFD-49B9-86D6-F67951294388}.Debug|x86.Build.0 = Debug|x86
		{DFB35FB1-5DFD-49B9-86D6-F67951294388}.Debug|x86.Deploy.0 = Debug|x86
		{DFB35FB1-5DFD-49B9-86D6-F67951294388}.Release|Any CPU.ActiveCfg = Release|x86
		{DFB35FB1-5DFD-49B9-86D6-F67951294388}.Release|Any CPU.Build.0 = Release|x86
		{DFB35FB1-5DFD-49B9-86D6-F67951294388}.Release|Any CPU.Deploy.0 = Release|x86
		{DFB35FB1-5DFD-49B9-86D6-F67951294388}.Release|ARM.ActiveCfg = Release|ARM
		{DFB35FB1-5DFD-49B9-86D6-F67951294388}.Release|ARM.Build.0 = Release|ARM
		{DFB35FB1-5DFD-49B9-86D6-F67951294388}.Release|ARM.Deploy.0 = Release|ARM
		{DFB35FB1-5DFD-49B9-86D6-F67951294388}.Release|iPhone.ActiveCfg = Release|x86
		{DFB35FB1-5DFD-49B9-86D6-F67951294388}.Release|iPhone.Build.0 = Release|x86
		{DFB35FB1-5DFD-49B9-86D6-F67951294388}.Release|iPhone.Deploy.0 = Release|x86
		{DFB35FB1-5DFD-49B9-86D6-F67951294388}.Release|iPhoneSimulator.ActiveCfg = Release|x86
		{DFB35FB1-5DFD-49B9-86D6-F67951294388}.Release|iPhoneSimulator.Build.0 = Release|x86
		{DFB35FB1-5DFD-49B9-86D6-F67951294388}.Release|iPhoneSimulator.Deploy.0 = Release|x86
		{DFB35FB1-5DFD-49B9-86D6-F67951294388}.Release|x64.ActiveCfg = Release|x64
		{DFB35FB1-5DFD-49B9-86D6-F67951294388}.Release|x64.Build.0 = Release|x64
		{DFB35FB1-5DFD-49B9-86D6-F67951294388}.Release|x64.Deploy.0 = Release|x64
		{DFB35FB1-5DFD-49B9-86D6-F67951294388}.Release|x86.ActiveCfg = Release|x86
		{DFB35FB1-5DFD-49B9-86D6-F67951294388}.Release|x86.Build.0 = Release|x86
		{DFB35FB1-5DFD-49B9-86D6-F67951294388}.Release|x86.Deploy.0 = Release|x86
		{EFD49114-557A-4FEB-A0BD-084AF59F5F61}.Debug|Any CPU.ActiveCfg = Debug|Any CPU
		{EFD49114-557A-4FEB-A0BD-084AF59F5F61}.Debug|Any CPU.Build.0 = Debug|Any CPU
		{EFD49114-557A-4FEB-A0BD-084AF59F5F61}.Debug|Any CPU.Deploy.0 = Debug|Any CPU
		{EFD49114-557A-4FEB-A0BD-084AF59F5F61}.Debug|ARM.ActiveCfg = Debug|Any CPU
		{EFD49114-557A-4FEB-A0BD-084AF59F5F61}.Debug|ARM.Build.0 = Debug|Any CPU
		{EFD49114-557A-4FEB-A0BD-084AF59F5F61}.Debug|ARM.Deploy.0 = Debug|Any CPU
		{EFD49114-557A-4FEB-A0BD-084AF59F5F61}.Debug|iPhone.ActiveCfg = Debug|Any CPU
		{EFD49114-557A-4FEB-A0BD-084AF59F5F61}.Debug|iPhone.Build.0 = Debug|Any CPU
		{EFD49114-557A-4FEB-A0BD-084AF59F5F61}.Debug|iPhone.Deploy.0 = Debug|Any CPU
		{EFD49114-557A-4FEB-A0BD-084AF59F5F61}.Debug|iPhoneSimulator.ActiveCfg = Debug|Any CPU
		{EFD49114-557A-4FEB-A0BD-084AF59F5F61}.Debug|iPhoneSimulator.Build.0 = Debug|Any CPU
		{EFD49114-557A-4FEB-A0BD-084AF59F5F61}.Debug|iPhoneSimulator.Deploy.0 = Debug|Any CPU
		{EFD49114-557A-4FEB-A0BD-084AF59F5F61}.Debug|x64.ActiveCfg = Debug|Any CPU
		{EFD49114-557A-4FEB-A0BD-084AF59F5F61}.Debug|x64.Build.0 = Debug|Any CPU
		{EFD49114-557A-4FEB-A0BD-084AF59F5F61}.Debug|x64.Deploy.0 = Debug|Any CPU
		{EFD49114-557A-4FEB-A0BD-084AF59F5F61}.Debug|x86.ActiveCfg = Debug|Any CPU
		{EFD49114-557A-4FEB-A0BD-084AF59F5F61}.Debug|x86.Build.0 = Debug|Any CPU
		{EFD49114-557A-4FEB-A0BD-084AF59F5F61}.Debug|x86.Deploy.0 = Debug|Any CPU
		{EFD49114-557A-4FEB-A0BD-084AF59F5F61}.Release|Any CPU.ActiveCfg = Release|Any CPU
		{EFD49114-557A-4FEB-A0BD-084AF59F5F61}.Release|Any CPU.Build.0 = Release|Any CPU
		{EFD49114-557A-4FEB-A0BD-084AF59F5F61}.Release|Any CPU.Deploy.0 = Release|Any CPU
		{EFD49114-557A-4FEB-A0BD-084AF59F5F61}.Release|ARM.ActiveCfg = Release|Any CPU
		{EFD49114-557A-4FEB-A0BD-084AF59F5F61}.Release|ARM.Build.0 = Release|Any CPU
		{EFD49114-557A-4FEB-A0BD-084AF59F5F61}.Release|ARM.Deploy.0 = Release|Any CPU
		{EFD49114-557A-4FEB-A0BD-084AF59F5F61}.Release|iPhone.ActiveCfg = Release|Any CPU
		{EFD49114-557A-4FEB-A0BD-084AF59F5F61}.Release|iPhone.Build.0 = Release|Any CPU
		{EFD49114-557A-4FEB-A0BD-084AF59F5F61}.Release|iPhone.Deploy.0 = Release|Any CPU
		{EFD49114-557A-4FEB-A0BD-084AF59F5F61}.Release|iPhoneSimulator.ActiveCfg = Release|Any CPU
		{EFD49114-557A-4FEB-A0BD-084AF59F5F61}.Release|iPhoneSimulator.Build.0 = Release|Any CPU
		{EFD49114-557A-4FEB-A0BD-084AF59F5F61}.Release|iPhoneSimulator.Deploy.0 = Release|Any CPU
		{EFD49114-557A-4FEB-A0BD-084AF59F5F61}.Release|x64.ActiveCfg = Release|Any CPU
		{EFD49114-557A-4FEB-A0BD-084AF59F5F61}.Release|x64.Build.0 = Release|Any CPU
		{EFD49114-557A-4FEB-A0BD-084AF59F5F61}.Release|x64.Deploy.0 = Release|Any CPU
		{EFD49114-557A-4FEB-A0BD-084AF59F5F61}.Release|x86.ActiveCfg = Release|Any CPU
		{EFD49114-557A-4FEB-A0BD-084AF59F5F61}.Release|x86.Build.0 = Release|Any CPU
		{EFD49114-557A-4FEB-A0BD-084AF59F5F61}.Release|x86.Deploy.0 = Release|Any CPU
		{DD5F2164-4B9E-4AEB-BE22-5337AE4053BB}.Debug|Any CPU.ActiveCfg = Debug|iPhone
		{DD5F2164-4B9E-4AEB-BE22-5337AE4053BB}.Debug|Any CPU.Build.0 = Debug|iPhone
		{DD5F2164-4B9E-4AEB-BE22-5337AE4053BB}.Debug|Any CPU.Deploy.0 = Debug|iPhone
		{DD5F2164-4B9E-4AEB-BE22-5337AE4053BB}.Debug|ARM.ActiveCfg = Debug|iPhoneSimulator
		{DD5F2164-4B9E-4AEB-BE22-5337AE4053BB}.Debug|ARM.Build.0 = Debug|iPhoneSimulator
		{DD5F2164-4B9E-4AEB-BE22-5337AE4053BB}.Debug|ARM.Deploy.0 = Debug|iPhoneSimulator
		{DD5F2164-4B9E-4AEB-BE22-5337AE4053BB}.Debug|iPhone.ActiveCfg = Debug|iPhone
		{DD5F2164-4B9E-4AEB-BE22-5337AE4053BB}.Debug|iPhone.Build.0 = Debug|iPhone
		{DD5F2164-4B9E-4AEB-BE22-5337AE4053BB}.Debug|iPhone.Deploy.0 = Debug|iPhone
		{DD5F2164-4B9E-4AEB-BE22-5337AE4053BB}.Debug|iPhoneSimulator.ActiveCfg = Debug|iPhoneSimulator
		{DD5F2164-4B9E-4AEB-BE22-5337AE4053BB}.Debug|iPhoneSimulator.Build.0 = Debug|iPhoneSimulator
		{DD5F2164-4B9E-4AEB-BE22-5337AE4053BB}.Debug|iPhoneSimulator.Deploy.0 = Debug|iPhoneSimulator
		{DD5F2164-4B9E-4AEB-BE22-5337AE4053BB}.Debug|x64.ActiveCfg = Debug|iPhone
		{DD5F2164-4B9E-4AEB-BE22-5337AE4053BB}.Debug|x64.Build.0 = Debug|iPhone
		{DD5F2164-4B9E-4AEB-BE22-5337AE4053BB}.Debug|x64.Deploy.0 = Debug|iPhone
		{DD5F2164-4B9E-4AEB-BE22-5337AE4053BB}.Debug|x86.ActiveCfg = Debug|iPhone
		{DD5F2164-4B9E-4AEB-BE22-5337AE4053BB}.Debug|x86.Build.0 = Debug|iPhone
		{DD5F2164-4B9E-4AEB-BE22-5337AE4053BB}.Debug|x86.Deploy.0 = Debug|iPhone
		{DD5F2164-4B9E-4AEB-BE22-5337AE4053BB}.Release|Any CPU.ActiveCfg = Release|iPhone
		{DD5F2164-4B9E-4AEB-BE22-5337AE4053BB}.Release|Any CPU.Build.0 = Release|iPhone
		{DD5F2164-4B9E-4AEB-BE22-5337AE4053BB}.Release|Any CPU.Deploy.0 = Release|iPhone
		{DD5F2164-4B9E-4AEB-BE22-5337AE4053BB}.Release|ARM.ActiveCfg = Release|iPhone
		{DD5F2164-4B9E-4AEB-BE22-5337AE4053BB}.Release|ARM.Build.0 = Release|iPhone
		{DD5F2164-4B9E-4AEB-BE22-5337AE4053BB}.Release|ARM.Deploy.0 = Release|iPhone
		{DD5F2164-4B9E-4AEB-BE22-5337AE4053BB}.Release|iPhone.ActiveCfg = Release|iPhone
		{DD5F2164-4B9E-4AEB-BE22-5337AE4053BB}.Release|iPhone.Build.0 = Release|iPhone
		{DD5F2164-4B9E-4AEB-BE22-5337AE4053BB}.Release|iPhone.Deploy.0 = Release|iPhone
		{DD5F2164-4B9E-4AEB-BE22-5337AE4053BB}.Release|iPhoneSimulator.ActiveCfg = Release|iPhoneSimulator
		{DD5F2164-4B9E-4AEB-BE22-5337AE4053BB}.Release|iPhoneSimulator.Build.0 = Release|iPhoneSimulator
		{DD5F2164-4B9E-4AEB-BE22-5337AE4053BB}.Release|iPhoneSimulator.Deploy.0 = Release|iPhoneSimulator
		{DD5F2164-4B9E-4AEB-BE22-5337AE4053BB}.Release|x64.ActiveCfg = Release|iPhone
		{DD5F2164-4B9E-4AEB-BE22-5337AE4053BB}.Release|x64.Build.0 = Release|iPhone
		{DD5F2164-4B9E-4AEB-BE22-5337AE4053BB}.Release|x64.Deploy.0 = Release|iPhone
		{DD5F2164-4B9E-4AEB-BE22-5337AE4053BB}.Release|x86.ActiveCfg = Release|iPhone
		{DD5F2164-4B9E-4AEB-BE22-5337AE4053BB}.Release|x86.Build.0 = Release|iPhone
		{DD5F2164-4B9E-4AEB-BE22-5337AE4053BB}.Release|x86.Deploy.0 = Release|iPhone
		{20463C28-9082-48B0-BC3C-33BFEA8A11A6}.Debug|Any CPU.ActiveCfg = Debug|Any CPU
		{20463C28-9082-48B0-BC3C-33BFEA8A11A6}.Debug|Any CPU.Build.0 = Debug|Any CPU
		{20463C28-9082-48B0-BC3C-33BFEA8A11A6}.Debug|Any CPU.Deploy.0 = Debug|Any CPU
		{20463C28-9082-48B0-BC3C-33BFEA8A11A6}.Debug|ARM.ActiveCfg = Debug|Any CPU
		{20463C28-9082-48B0-BC3C-33BFEA8A11A6}.Debug|ARM.Build.0 = Debug|Any CPU
		{20463C28-9082-48B0-BC3C-33BFEA8A11A6}.Debug|ARM.Deploy.0 = Debug|Any CPU
		{20463C28-9082-48B0-BC3C-33BFEA8A11A6}.Debug|iPhone.ActiveCfg = Debug|Any CPU
		{20463C28-9082-48B0-BC3C-33BFEA8A11A6}.Debug|iPhone.Build.0 = Debug|Any CPU
		{20463C28-9082-48B0-BC3C-33BFEA8A11A6}.Debug|iPhone.Deploy.0 = Debug|Any CPU
		{20463C28-9082-48B0-BC3C-33BFEA8A11A6}.Debug|iPhoneSimulator.ActiveCfg = Debug|Any CPU
		{20463C28-9082-48B0-BC3C-33BFEA8A11A6}.Debug|iPhoneSimulator.Build.0 = Debug|Any CPU
		{20463C28-9082-48B0-BC3C-33BFEA8A11A6}.Debug|iPhoneSimulator.Deploy.0 = Debug|Any CPU
		{20463C28-9082-48B0-BC3C-33BFEA8A11A6}.Debug|x64.ActiveCfg = Debug|Any CPU
		{20463C28-9082-48B0-BC3C-33BFEA8A11A6}.Debug|x64.Build.0 = Debug|Any CPU
		{20463C28-9082-48B0-BC3C-33BFEA8A11A6}.Debug|x64.Deploy.0 = Debug|Any CPU
		{20463C28-9082-48B0-BC3C-33BFEA8A11A6}.Debug|x86.ActiveCfg = Debug|Any CPU
		{20463C28-9082-48B0-BC3C-33BFEA8A11A6}.Debug|x86.Build.0 = Debug|Any CPU
		{20463C28-9082-48B0-BC3C-33BFEA8A11A6}.Debug|x86.Deploy.0 = Debug|Any CPU
		{20463C28-9082-48B0-BC3C-33BFEA8A11A6}.Release|Any CPU.ActiveCfg = Release|Any CPU
		{20463C28-9082-48B0-BC3C-33BFEA8A11A6}.Release|Any CPU.Build.0 = Release|Any CPU
		{20463C28-9082-48B0-BC3C-33BFEA8A11A6}.Release|Any CPU.Deploy.0 = Release|Any CPU
		{20463C28-9082-48B0-BC3C-33BFEA8A11A6}.Release|ARM.ActiveCfg = Release|Any CPU
		{20463C28-9082-48B0-BC3C-33BFEA8A11A6}.Release|ARM.Build.0 = Release|Any CPU
		{20463C28-9082-48B0-BC3C-33BFEA8A11A6}.Release|ARM.Deploy.0 = Release|Any CPU
		{20463C28-9082-48B0-BC3C-33BFEA8A11A6}.Release|iPhone.ActiveCfg = Release|Any CPU
		{20463C28-9082-48B0-BC3C-33BFEA8A11A6}.Release|iPhone.Build.0 = Release|Any CPU
		{20463C28-9082-48B0-BC3C-33BFEA8A11A6}.Release|iPhone.Deploy.0 = Release|Any CPU
		{20463C28-9082-48B0-BC3C-33BFEA8A11A6}.Release|iPhoneSimulator.ActiveCfg = Release|Any CPU
		{20463C28-9082-48B0-BC3C-33BFEA8A11A6}.Release|iPhoneSimulator.Build.0 = Release|Any CPU
		{20463C28-9082-48B0-BC3C-33BFEA8A11A6}.Release|iPhoneSimulator.Deploy.0 = Release|Any CPU
		{20463C28-9082-48B0-BC3C-33BFEA8A11A6}.Release|x64.ActiveCfg = Release|Any CPU
		{20463C28-9082-48B0-BC3C-33BFEA8A11A6}.Release|x64.Build.0 = Release|Any CPU
		{20463C28-9082-48B0-BC3C-33BFEA8A11A6}.Release|x64.Deploy.0 = Release|Any CPU
		{20463C28-9082-48B0-BC3C-33BFEA8A11A6}.Release|x86.ActiveCfg = Release|Any CPU
		{20463C28-9082-48B0-BC3C-33BFEA8A11A6}.Release|x86.Build.0 = Release|Any CPU
		{20463C28-9082-48B0-BC3C-33BFEA8A11A6}.Release|x86.Deploy.0 = Release|Any CPU
	EndGlobalSection
	GlobalSection(SolutionProperties) = preSolution
		HideSolutionNode = FALSE
	EndGlobalSection
	GlobalSection(ExtensibilityGlobals) = postSolution
		SolutionGuid = {5BDFFCEE-2C18-4BEB-A89E-05EC02D1884D}
	EndGlobalSection
EndGlobal
